
Microsoft Visual Studio Solution File, Format Version 12.00
# Visual Studio Version 17
VisualStudioVersion = 17.9.34622.214
MinimumVisualStudioVersion = 10.0.40219.1
Project("{FAE04EC0-301F-11D3-BF4B-00C04F79EFBC}") = "Matrix", "Matrix\Matrix.csproj", "{71CD3B69-654C-42B1-ADE1-DD23311CC630}"
EndProject
Global
	GlobalSection(SolutionConfigurationPlatforms) = preSolution
		Debug|Any CPU = Debug|Any CPU
		Release|Any CPU = Release|Any CPU
	EndGlobalSection
	GlobalSection(ProjectConfigurationPlatforms) = postSolution
		{71CD3B69-654C-42B1-ADE1-DD23311CC630}.Debug|Any CPU.ActiveCfg = Debug|Any CPU
		{71CD3B69-654C-42B1-ADE1-DD23311CC630}.Debug|Any CPU.Build.0 = Debug|Any CPU
		{71CD3B69-654C-42B1-ADE1-DD23311CC630}.Release|Any CPU.ActiveCfg = Release|Any CPU
		{71CD3B69-654C-42B1-ADE1-DD23311CC630}.Release|Any CPU.Build.0 = Release|Any CPU
	EndGlobalSection
	GlobalSection(SolutionProperties) = preSolution
		HideSolutionNode = FALSE
	EndGlobalSection
	GlobalSection(ExtensibilityGlobals) = postSolution
		SolutionGuid = {B6EE7F14-3AA9-40F1-AE5E-02FEAAD4D88A}
	EndGlobalSection
EndGlobal
