
Microsoft Visual Studio Solution File, Format Version 12.00
# Visual Studio Version 17
VisualStudioVersion = 17.9.34622.214
MinimumVisualStudioVersion = 10.0.40219.1
Project("{FAE04EC0-301F-11D3-BF4B-00C04F79EFBC}") = "MagischeZahlen", "MagischeZahlen\MagischeZahlen.csproj", "{9BB1FB89-2D16-449D-BAC7-A378D41B8817}"
EndProject
Global
	GlobalSection(SolutionConfigurationPlatforms) = preSolution
		Debug|Any CPU = Debug|Any CPU
		Release|Any CPU = Release|Any CPU
	EndGlobalSection
	GlobalSection(ProjectConfigurationPlatforms) = postSolution
		{9BB1FB89-2D16-449D-BAC7-A378D41B8817}.Debug|Any CPU.ActiveCfg = Debug|Any CPU
		{9BB1FB89-2D16-449D-BAC7-A378D41B8817}.Debug|Any CPU.Build.0 = Debug|Any CPU
		{9BB1FB89-2D16-449D-BAC7-A378D41B8817}.Release|Any CPU.ActiveCfg = Release|Any CPU
		{9BB1FB89-2D16-449D-BAC7-A378D41B8817}.Release|Any CPU.Build.0 = Release|Any CPU
	EndGlobalSection
	GlobalSection(SolutionProperties) = preSolution
		HideSolutionNode = FALSE
	EndGlobalSection
	GlobalSection(ExtensibilityGlobals) = postSolution
		SolutionGuid = {5FA4B9C6-E62C-47B0-95D0-FB1AA641E1B2}
	EndGlobalSection
EndGlobal
