
Microsoft Visual Studio Solution File, Format Version 12.00
# Visual Studio Version 17
VisualStudioVersion = 17.9.34622.214
MinimumVisualStudioVersion = 10.0.40219.1
Project("{FAE04EC0-301F-11D3-BF4B-00C04F79EFBC}") = "NumberExtractor", "NumberExtractor\NumberExtractor.csproj", "{FFF6D290-22C0-4765-AD2E-4AFD1D9F3170}"
EndProject
Global
	GlobalSection(SolutionConfigurationPlatforms) = preSolution
		Debug|Any CPU = Debug|Any CPU
		Release|Any CPU = Release|Any CPU
	EndGlobalSection
	GlobalSection(ProjectConfigurationPlatforms) = postSolution
		{FFF6D290-22C0-4765-AD2E-4AFD1D9F3170}.Debug|Any CPU.ActiveCfg = Debug|Any CPU
		{FFF6D290-22C0-4765-AD2E-4AFD1D9F3170}.Debug|Any CPU.Build.0 = Debug|Any CPU
		{FFF6D290-22C0-4765-AD2E-4AFD1D9F3170}.Release|Any CPU.ActiveCfg = Release|Any CPU
		{FFF6D290-22C0-4765-AD2E-4AFD1D9F3170}.Release|Any CPU.Build.0 = Release|Any CPU
	EndGlobalSection
	GlobalSection(SolutionProperties) = preSolution
		HideSolutionNode = FALSE
	EndGlobalSection
	GlobalSection(ExtensibilityGlobals) = postSolution
		SolutionGuid = {62A8ECA6-FF0B-4926-8837-8700318C3E89}
	EndGlobalSection
EndGlobal
