
Microsoft Visual Studio Solution File, Format Version 12.00
# Visual Studio Version 17
VisualStudioVersion = 17.9.34622.214
MinimumVisualStudioVersion = 10.0.40219.1
Project("{FAE04EC0-301F-11D3-BF4B-00C04F79EFBC}") = "Buchtabenzähler", "Buchtabenzähler\Buchtabenzähler.csproj", "{F0DFB689-6AFC-4BA0-97A9-FF956BB9DF3B}"
EndProject
Global
	GlobalSection(SolutionConfigurationPlatforms) = preSolution
		Debug|Any CPU = Debug|Any CPU
		Release|Any CPU = Release|Any CPU
	EndGlobalSection
	GlobalSection(ProjectConfigurationPlatforms) = postSolution
		{F0DFB689-6AFC-4BA0-97A9-FF956BB9DF3B}.Debug|Any CPU.ActiveCfg = Debug|Any CPU
		{F0DFB689-6AFC-4BA0-97A9-FF956BB9DF3B}.Debug|Any CPU.Build.0 = Debug|Any CPU
		{F0DFB689-6AFC-4BA0-97A9-FF956BB9DF3B}.Release|Any CPU.ActiveCfg = Release|Any CPU
		{F0DFB689-6AFC-4BA0-97A9-FF956BB9DF3B}.Release|Any CPU.Build.0 = Release|Any CPU
	EndGlobalSection
	GlobalSection(SolutionProperties) = preSolution
		HideSolutionNode = FALSE
	EndGlobalSection
	GlobalSection(ExtensibilityGlobals) = postSolution
		SolutionGuid = {D439BBCC-F4D1-4835-9914-3C60FDA53C18}
	EndGlobalSection
EndGlobal
