
Microsoft Visual Studio Solution File, Format Version 12.00
# Visual Studio Version 17
VisualStudioVersion = 17.9.34622.214
MinimumVisualStudioVersion = 10.0.40219.1
Project("{FAE04EC0-301F-11D3-BF4B-00C04F79EFBC}") = "BigInt", "BigInt\BigInt.csproj", "{14DD4214-6ADE-4BB8-92A1-CED427ECAA8E}"
EndProject
Global
	GlobalSection(SolutionConfigurationPlatforms) = preSolution
		Debug|Any CPU = Debug|Any CPU
		Release|Any CPU = Release|Any CPU
	EndGlobalSection
	GlobalSection(ProjectConfigurationPlatforms) = postSolution
		{14DD4214-6ADE-4BB8-92A1-CED427ECAA8E}.Debug|Any CPU.ActiveCfg = Debug|Any CPU
		{14DD4214-6ADE-4BB8-92A1-CED427ECAA8E}.Debug|Any CPU.Build.0 = Debug|Any CPU
		{14DD4214-6ADE-4BB8-92A1-CED427ECAA8E}.Release|Any CPU.ActiveCfg = Release|Any CPU
		{14DD4214-6ADE-4BB8-92A1-CED427ECAA8E}.Release|Any CPU.Build.0 = Release|Any CPU
	EndGlobalSection
	GlobalSection(SolutionProperties) = preSolution
		HideSolutionNode = FALSE
	EndGlobalSection
	GlobalSection(ExtensibilityGlobals) = postSolution
		SolutionGuid = {253F14FC-FFD6-40EB-A977-988657E80561}
	EndGlobalSection
EndGlobal
